
Microsoft Visual Studio Solution File, Format Version 12.00
# Visual Studio Version 17
VisualStudioVersion = 17.13.35931.197 d17.13
MinimumVisualStudioVersion = 10.0.40219.1
Project("{FAE04EC0-301F-11D3-BF4B-00C04F79EFBC}") = "Agente de Búsqueda", "Agente de Búsqueda\Agente de Búsqueda.csproj", "{C73734E8-9688-4C23-B1C8-077110B25189}"
EndProject
Global
	GlobalSection(SolutionConfigurationPlatforms) = preSolution
		Debug|Any CPU = Debug|Any CPU
		Release|Any CPU = Release|Any CPU
	EndGlobalSection
	GlobalSection(ProjectConfigurationPlatforms) = postSolution
		{C73734E8-9688-4C23-B1C8-077110B25189}.Debug|Any CPU.ActiveCfg = Debug|Any CPU
		{C73734E8-9688-4C23-B1C8-077110B25189}.Debug|Any CPU.Build.0 = Debug|Any CPU
		{C73734E8-9688-4C23-B1C8-077110B25189}.Release|Any CPU.ActiveCfg = Release|Any CPU
		{C73734E8-9688-4C23-B1C8-077110B25189}.Release|Any CPU.Build.0 = Release|Any CPU
	EndGlobalSection
	GlobalSection(SolutionProperties) = preSolution
		HideSolutionNode = FALSE
	EndGlobalSection
	GlobalSection(ExtensibilityGlobals) = postSolution
		SolutionGuid = {EDC2E9DE-7638-4EC4-86C7-46A0DCD6C768}
	EndGlobalSection
EndGlobal
